
Microsoft Visual Studio Solution File, Format Version 12.00
# Visual Studio Version 16
VisualStudioVersion = 16.0.30717.126
MinimumVisualStudioVersion = 10.0.40219.1
Project("{FAE04EC0-301F-11D3-BF4B-00C04F79EFBC}") = "Probleme", "Probleme\Probleme.csproj", "{EC9CA805-1407-42D6-BAE1-95A61718264A}"
EndProject
Global
	GlobalSection(SolutionConfigurationPlatforms) = preSolution
		Debug|Any CPU = Debug|Any CPU
		Release|Any CPU = Release|Any CPU
	EndGlobalSection
	GlobalSection(ProjectConfigurationPlatforms) = postSolution
		{EC9CA805-1407-42D6-BAE1-95A61718264A}.Debug|Any CPU.ActiveCfg = Debug|Any CPU
		{EC9CA805-1407-42D6-BAE1-95A61718264A}.Debug|Any CPU.Build.0 = Debug|Any CPU
		{EC9CA805-1407-42D6-BAE1-95A61718264A}.Release|Any CPU.ActiveCfg = Release|Any CPU
		{EC9CA805-1407-42D6-BAE1-95A61718264A}.Release|Any CPU.Build.0 = Release|Any CPU
	EndGlobalSection
	GlobalSection(SolutionProperties) = preSolution
		HideSolutionNode = FALSE
	EndGlobalSection
	GlobalSection(ExtensibilityGlobals) = postSolution
		SolutionGuid = {FB04B8E7-0B80-491B-A67B-5A824A3F6117}
	EndGlobalSection
EndGlobal
